<?xml version="1.0" encoding="utf-8"?>
<Project ToolsVersion="4.0" xmlns="http://schemas.microsoft.com/developer/msbuild/2003">
  <ItemGroup>
    <Filter Include="소스 파일">
      <UniqueIdentifier>{4FC737F1-C7A5-4376-A066-2A32D752A2FF}</UniqueIdentifier>
      <Extensions>cpp;c;cc;cxx;def;odl;idl;hpj;bat;asm;asmx</Extensions>
    </Filter>
    <Filter Include="헤더 파일">
      <UniqueIdentifier>{93995380-89BD-4b04-88EB-625FBE52EBFB}</UniqueIdentifier>
      <Extensions>h;hh;hpp;hxx;hm;inl;inc;ipp;xsd</Extensions>
    </Filter>
    <Filter Include="리소스 파일">
      <UniqueIdentifier>{67DA6AB6-F800-4c08-8B7A-83BB121AAD01}</UniqueIdentifier>
      <Extensions>rc;ico;cur;bmp;dlg;rc2;rct;bin;rgs;gif;jpg;jpeg;jpe;resx;tiff;tif;png;wav;mfcribbon-ms</Extensions>
    </Filter>
    <Filter Include="소스 파일\2020">
      <UniqueIdentifier>{7bd7367e-d71f-4020-8c61-2452d75d49ce}</UniqueIdentifier>
    </Filter>
  </ItemGroup>
  <ItemGroup>
    <Text Include="input.txt">
      <Filter>리소스 파일</Filter>
    </Text>
    <Text Include="output.txt">
      <Filter>리소스 파일</Filter>
    </Text>
  </ItemGroup>
  <ItemGroup>
    <ClInclude Include="bits\stdc++.h">
      <Filter>헤더 파일</Filter>
    </ClInclude>
  </ItemGroup>
  <ItemGroup>
    <ClCompile Include="problem\2020\%40 Template.cpp">
      <Filter>소스 파일\2020</Filter>
    </ClCompile>
    <ClCompile Include="problem\2020\1181.cpp">
      <Filter>소스 파일\2020</Filter>
    </ClCompile>
    <ClCompile Include="problem\2020\1260.cpp">
      <Filter>소스 파일\2020</Filter>
    </ClCompile>
    <ClCompile Include="problem\2020\1463.cpp">
      <Filter>소스 파일\2020</Filter>
    </ClCompile>
    <ClCompile Include="problem\2020\1620.cpp">
      <Filter>소스 파일\2020</Filter>
    </ClCompile>
    <ClCompile Include="problem\2020\1620_map.cpp">
      <Filter>소스 파일\2020</Filter>
    </ClCompile>
    <ClCompile Include="problem\2020\1654.cpp">
      <Filter>소스 파일\2020</Filter>
    </ClCompile>
    <ClCompile Include="problem\2020\1753.cpp">
      <Filter>소스 파일\2020</Filter>
    </ClCompile>
    <ClCompile Include="problem\2020\1920.cpp">
      <Filter>소스 파일\2020</Filter>
    </ClCompile>
    <ClCompile Include="problem\2020\1988.cpp">
      <Filter>소스 파일\2020</Filter>
    </ClCompile>
    <ClCompile Include="problem\2020\2178.cpp">
      <Filter>소스 파일\2020</Filter>
    </ClCompile>
    <ClCompile Include="problem\2020\2188.cpp">
      <Filter>소스 파일\2020</Filter>
    </ClCompile>
    <ClCompile Include="problem\2020\2188_BipartiteMatch.cpp">
      <Filter>소스 파일\2020</Filter>
    </ClCompile>
    <ClCompile Include="problem\2020\2252.cpp">
      <Filter>소스 파일\2020</Filter>
    </ClCompile>
    <ClCompile Include="problem\2020\2293.cpp">
      <Filter>소스 파일\2020</Filter>
    </ClCompile>
    <ClCompile Include="problem\2020\2293_MemoryOver.cpp">
      <Filter>소스 파일\2020</Filter>
    </ClCompile>
    <ClCompile Include="problem\2020\2294.cpp">
      <Filter>소스 파일\2020</Filter>
    </ClCompile>
    <ClCompile Include="problem\2020\2316.cpp">
      <Filter>소스 파일\2020</Filter>
    </ClCompile>
    <ClCompile Include="problem\2020\2512.cpp">
      <Filter>소스 파일\2020</Filter>
    </ClCompile>
    <ClCompile Include="problem\2020\2750.cpp">
      <Filter>소스 파일\2020</Filter>
    </ClCompile>
    <ClCompile Include="problem\2020\2751.cpp">
      <Filter>소스 파일\2020</Filter>
    </ClCompile>
    <ClCompile Include="problem\2020\4485.cpp">
      <Filter>소스 파일\2020</Filter>
    </ClCompile>
    <ClCompile Include="problem\2020\5567.cpp">
      <Filter>소스 파일\2020</Filter>
    </ClCompile>
    <ClCompile Include="problem\2020\5651.cpp">
      <Filter>소스 파일\2020</Filter>
    </ClCompile>
    <ClCompile Include="problem\2020\6086.cpp">
      <Filter>소스 파일\2020</Filter>
    </ClCompile>
    <ClCompile Include="problem\2020\7569.cpp">
      <Filter>소스 파일\2020</Filter>
    </ClCompile>
    <ClCompile Include="problem\2020\7576.cpp">
      <Filter>소스 파일\2020</Filter>
    </ClCompile>
    <ClCompile Include="problem\2020\7616.cpp">
      <Filter>소스 파일\2020</Filter>
    </ClCompile>
    <ClCompile Include="problem\2020\9465.cpp">
      <Filter>소스 파일\2020</Filter>
    </ClCompile>
    <ClCompile Include="problem\2020\9576.cpp">
      <Filter>소스 파일\2020</Filter>
    </ClCompile>
    <ClCompile Include="problem\2020\10808.cpp">
      <Filter>소스 파일\2020</Filter>
    </ClCompile>
    <ClCompile Include="problem\2020\10828.cpp">
      <Filter>소스 파일\2020</Filter>
    </ClCompile>
    <ClCompile Include="problem\2020\10845.cpp">
      <Filter>소스 파일\2020</Filter>
    </ClCompile>
    <ClCompile Include="problem\2020\10989.cpp">
      <Filter>소스 파일\2020</Filter>
    </ClCompile>
    <ClCompile Include="problem\2020\11004.cpp">
      <Filter>소스 파일\2020</Filter>
    </ClCompile>
    <ClCompile Include="problem\2020\11048.cpp">
      <Filter>소스 파일\2020</Filter>
    </ClCompile>
    <ClCompile Include="problem\2020\11403.cpp">
      <Filter>소스 파일\2020</Filter>
    </ClCompile>
    <ClCompile Include="problem\2020\11495.cpp">
      <Filter>소스 파일\2020</Filter>
    </ClCompile>
    <ClCompile Include="problem\2020\17114.cpp">
      <Filter>소스 파일\2020</Filter>
    </ClCompile>
    <ClCompile Include="problem\2020\17412.cpp">
      <Filter>소스 파일\2020</Filter>
    </ClCompile>
    <ClCompile Include="problem\G4 11404 플로이드.cpp">
      <Filter>소스 파일</Filter>
    </ClCompile>
    <ClCompile Include="problem\G4 1753 최단경로.cpp">
      <Filter>소스 파일</Filter>
    </ClCompile>
    <ClCompile Include="problem\G2 1103 게임.cpp">
      <Filter>소스 파일</Filter>
    </ClCompile>
    <ClCompile Include="problem\G5 1240 노드사이의 거리.cpp">
      <Filter>소스 파일</Filter>
    </ClCompile>
    <ClCompile Include="problem\G4 1922 네트워크 연결.cpp">
      <Filter>소스 파일</Filter>
    </ClCompile>
    <ClCompile Include="problem\G5 1717 집합의 표현.cpp">
      <Filter>소스 파일</Filter>
    </ClCompile>
    <ClCompile Include="problem\G5 2293 동전 1.cpp">
      <Filter>소스 파일</Filter>
    </ClCompile>
    <ClCompile Include="problem\2020\1647.cpp">
      <Filter>소스 파일\2020</Filter>
    </ClCompile>
    <ClCompile Include="problem\2020\1068.cpp">
      <Filter>소스 파일\2020</Filter>
    </ClCompile>
    <ClCompile Include="problem\G4 2110 공유기 설치.cpp">
      <Filter>소스 파일</Filter>
    </ClCompile>
    <ClCompile Include="problem\S4 2960 에라토스테네스의 체.cpp">
      <Filter>소스 파일</Filter>
    </ClCompile>
    <ClCompile Include="problem\B1 2609 최대공약수와 최소공배수.cpp">
      <Filter>소스 파일</Filter>
    </ClCompile>
    <ClCompile Include="problem\G4 15683 감시.cpp">
      <Filter>소스 파일</Filter>
    </ClCompile>
    <ClCompile Include="problem\G5 17609 회문.cpp">
      <Filter>소스 파일</Filter>
    </ClCompile>
    <ClCompile Include="problem\S4 14425 문자열 집합.cpp">
      <Filter>소스 파일</Filter>
    </ClCompile>
    <ClCompile Include="problem\G4 5052 전화번호 목록.cpp">
      <Filter>소스 파일</Filter>
    </ClCompile>
    <ClCompile Include="problem\G3 1701 Cubeeditor.cpp">
      <Filter>소스 파일</Filter>
    </ClCompile>
    <ClCompile Include="problem\P5 17886 찾기.cpp">
      <Filter>소스 파일</Filter>
    </ClCompile>
    <ClCompile Include="problem\S2 1260 DFS와 BFS.cpp">
      <Filter>소스 파일</Filter>
    </ClCompile>
    <ClCompile Include="problem\S1 2178 미로 탐색.cpp">
      <Filter>소스 파일</Filter>
    </ClCompile>
    <ClCompile Include="problem\G4 1647 도시 분할 계획.cpp">
      <Filter>소스 파일</Filter>
    </ClCompile>
    <ClCompile Include="problem\G4 10282 해킹.cpp">
      <Filter>소스 파일</Filter>
    </ClCompile>
    <ClCompile Include="problem\S2 11053 가장 긴 증가하는 부분 수열.cpp">
      <Filter>소스 파일</Filter>
    </ClCompile>
    <ClCompile Include="problem\G2 12015 가장 긴 증가하는 부분 수열 2.cpp">
      <Filter>소스 파일</Filter>
    </ClCompile>
    <ClCompile Include="problem\G3 16236 아기 상어.cpp">
      <Filter>소스 파일</Filter>
    </ClCompile>
    <ClCompile Include="problem\G2 1167 트리의 지름.cpp">
      <Filter>소스 파일</Filter>
    </ClCompile>
    <ClCompile Include="problem\G3 1613 역사.cpp">
      <Filter>소스 파일</Filter>
    </ClCompile>
    <ClCompile Include="problem\G4 4485 녹색 옷 입은 애가 젤다지.cpp">
      <Filter>소스 파일</Filter>
    </ClCompile>
    <ClCompile Include="problem\G3 13418 학교 탐방하기.cpp">
      <Filter>소스 파일</Filter>
    </ClCompile>
    <ClCompile Include="problem\P5 2887 행성 터널.cpp">
      <Filter>소스 파일</Filter>
    </ClCompile>
    <ClCompile Include="problem\G3 1516 게임 개발.cpp">
      <Filter>소스 파일</Filter>
    </ClCompile>
    <ClCompile Include="problem\G4 1504 특정한 최단 경로.cpp">
      <Filter>소스 파일</Filter>
    </ClCompile>
    <ClCompile Include="problem\G2 17136 색종이 붙이기.cpp">
      <Filter>소스 파일</Filter>
    </ClCompile>
    <ClCompile Include="problem\G3 1520 내리막 길.cpp">
      <Filter>소스 파일</Filter>
    </ClCompile>
    <ClCompile Include="problem\G3 6087 레이저 통신.cpp">
      <Filter>소스 파일</Filter>
    </ClCompile>
    <ClCompile Include="problem\G4 14938 서강그라운드.cpp">
      <Filter>소스 파일</Filter>
    </ClCompile>
    <ClCompile Include="problem\G2 14238 출근 기록.cpp">
      <Filter>소스 파일</Filter>
    </ClCompile>
    <ClCompile Include="problem\G2 2632 피자판매.cpp">
      <Filter>소스 파일</Filter>
    </ClCompile>
    <ClCompile Include="problem\G2 5214 환승.cpp">
      <Filter>소스 파일</Filter>
    </ClCompile>
    <ClCompile Include="problem\G3 17135 캐슬 디펜스.cpp">
      <Filter>소스 파일</Filter>
    </ClCompile>
    <ClCompile Include="problem\G4 17471 게리맨더링.cpp">
      <Filter>소스 파일</Filter>
    </ClCompile>
    <ClCompile Include="problem\G4 8983 사냥꾼.cpp">
      <Filter>소스 파일</Filter>
    </ClCompile>
    <ClCompile Include="problem\G4 9252 LCS 2.cpp">
      <Filter>소스 파일</Filter>
    </ClCompile>
    <ClCompile Include="problem\G4 19942 다이어트.cpp">
      <Filter>소스 파일</Filter>
    </ClCompile>
    <ClCompile Include="problem\G3 2406 안정적인 네트워크.cpp">
      <Filter>소스 파일</Filter>
    </ClCompile>
    <ClCompile Include="problem\G2 9370 미확인 도착지.cpp">
      <Filter>소스 파일</Filter>
    </ClCompile>
    <ClCompile Include="problem\G2 3745 오름세.cpp">
      <Filter>소스 파일</Filter>
    </ClCompile>
    <ClCompile Include="problem\G2 2481 해밍 경로.cpp">
      <Filter>소스 파일</Filter>
    </ClCompile>
    <ClCompile Include="problem\G4 13144 List of Unique Numbers.cpp">
      <Filter>소스 파일</Filter>
    </ClCompile>
    <ClCompile Include="problem\G4 12886 돌 그룹.cpp">
      <Filter>소스 파일</Filter>
    </ClCompile>
    <ClCompile Include="problem\G3 2616 소형기관차.cpp">
      <Filter>소스 파일</Filter>
    </ClCompile>
    <ClCompile Include="problem\G3 16940 BFS 스페셜 저지.cpp">
      <Filter>소스 파일</Filter>
    </ClCompile>
    <ClCompile Include="problem\G3 1947 선물 전달.cpp">
      <Filter>소스 파일</Filter>
    </ClCompile>
    <ClCompile Include="problem\G2 13558 등차수열의 개수.cpp">
      <Filter>소스 파일</Filter>
    </ClCompile>
  </ItemGroup>
</Project>